// !$*UTF8*$!
{
	archiveVersion = 1;
	classes = {
	};
	objectVersion = 55;
	objects = {

/* Begin PBXBuildFile section */
		82B03A25285EA5F600F00CF1 /* MessageListView.swift in Sources */ = {isa = PBXBuildFile; fileRef = 82B03A24285EA5F600F00CF1 /* MessageListView.swift */; };
		82B03A27285EA68700F00CF1 /* MessageListVM.swift in Sources */ = {isa = PBXBuildFile; fileRef = 82B03A26285EA68700F00CF1 /* MessageListVM.swift */; };
		82B03A29285EC26800F00CF1 /* MessageRowView.swift in Sources */ = {isa = PBXBuildFile; fileRef = 82B03A28285EC26800F00CF1 /* MessageRowView.swift */; };
		82B03A2B285F281B00F00CF1 /* UserManager.swift in Sources */ = {isa = PBXBuildFile; fileRef = 82B03A2A285F281B00F00CF1 /* UserManager.swift */; };
		82B03A2D285F288700F00CF1 /* User.swift in Sources */ = {isa = PBXBuildFile; fileRef = 82B03A2C285F288600F00CF1 /* User.swift */; };
		82B03A32285F2B8500F00CF1 /* LikesView.swift in Sources */ = {isa = PBXBuildFile; fileRef = 82B03A31285F2B8500F00CF1 /* LikesView.swift */; };
		82B03A34285F343600F00CF1 /* PersonSquare.swift in Sources */ = {isa = PBXBuildFile; fileRef = 82B03A33285F343600F00CF1 /* PersonSquare.swift */; };
		82B03A36285F606400F00CF1 /* TopPicksView.swift in Sources */ = {isa = PBXBuildFile; fileRef = 82B03A35285F606400F00CF1 /* TopPicksView.swift */; };
		82B03A38285F634300F00CF1 /* MatchesView.swift in Sources */ = {isa = PBXBuildFile; fileRef = 82B03A37285F634300F00CF1 /* MatchesView.swift */; };
		82B03A3A2860892500F00CF1 /* PurchasePopup.swift in Sources */ = {isa = PBXBuildFile; fileRef = 82B03A392860892500F00CF1 /* PurchasePopup.swift */; };
		82B03A3D28609CE400F00CF1 /* PurchaseSwipePromo.swift in Sources */ = {isa = PBXBuildFile; fileRef = 82B03A3C28609CE400F00CF1 /* PurchaseSwipePromo.swift */; };
		82B03A402860A06600F00CF1 /* PurchaseOptionView.swift in Sources */ = {isa = PBXBuildFile; fileRef = 82B03A3F2860A06600F00CF1 /* PurchaseOptionView.swift */; };
		82B03A432860A0D100F00CF1 /* Subscription.swift in Sources */ = {isa = PBXBuildFile; fileRef = 82B03A422860A0D100F00CF1 /* Subscription.swift */; };
		82B03A452860AF6D00F00CF1 /* RoundedCorner.swift in Sources */ = {isa = PBXBuildFile; fileRef = 82B03A442860AF6D00F00CF1 /* RoundedCorner.swift */; };
		82B03A482860DDAC00F00CF1 /* CardImageScroller.swift in Sources */ = {isa = PBXBuildFile; fileRef = 82B03A472860DDAC00F00CF1 /* CardImageScroller.swift */; };
		82B03A4C2860F3C300F00CF1 /* CardView.swift in Sources */ = {isa = PBXBuildFile; fileRef = 82B03A4B2860F3C300F00CF1 /* CardView.swift */; };
		82DD1FE8285CC588009A44DB /* BuildTinderAppApp.swift in Sources */ = {isa = PBXBuildFile; fileRef = 82DD1FE7285CC588009A44DB /* BuildTinderAppApp.swift */; };
		82DD1FEA285CC588009A44DB /* ContentView.swift in Sources */ = {isa = PBXBuildFile; fileRef = 82DD1FE9285CC588009A44DB /* ContentView.swift */; };
		82DD1FEC285CC589009A44DB /* Assets.xcassets in Resources */ = {isa = PBXBuildFile; fileRef = 82DD1FEB285CC589009A44DB /* Assets.xcassets */; };
		82DD1FEF285CC589009A44DB /* Preview Assets.xcassets in Resources */ = {isa = PBXBuildFile; fileRef = 82DD1FEE285CC589009A44DB /* Preview Assets.xcassets */; };
		82DD1FFA285CC776009A44DB /* MainView.swift in Sources */ = {isa = PBXBuildFile; fileRef = 82DD1FF9285CC776009A44DB /* MainView.swift */; };
		82DD1FFC285CD07C009A44DB /* TabBarButtonView.swift in Sources */ = {isa = PBXBuildFile; fileRef = 82DD1FFB285CD07C009A44DB /* TabBarButtonView.swift */; };
		82DD1FFE285D5168009A44DB /* AppStateManager.swift in Sources */ = {isa = PBXBuildFile; fileRef = 82DD1FFD285D5168009A44DB /* AppStateManager.swift */; };
		82DD2000285D5889009A44DB /* Extensions.swift in Sources */ = {isa = PBXBuildFile; fileRef = 82DD1FFF285D5889009A44DB /* Extensions.swift */; };
		82DD2003285D7D09009A44DB /* ProfileView.swift in Sources */ = {isa = PBXBuildFile; fileRef = 82DD2002285D7D09009A44DB /* ProfileView.swift */; };
		82DD2006285D8035009A44DB /* RoundedImage.swift in Sources */ = {isa = PBXBuildFile; fileRef = 82DD2005285D8035009A44DB /* RoundedImage.swift */; };
		82DD2009285D8162009A44DB /* KingfisherSwiftUI in Frameworks */ = {isa = PBXBuildFile; productRef = 82DD2008285D8162009A44DB /* KingfisherSwiftUI */; };
		82DD200C285D9BD3009A44DB /* PrifileSwipePromo.swift in Sources */ = {isa = PBXBuildFile; fileRef = 82DD200B285D9BD3009A44DB /* PrifileSwipePromo.swift */; };
		82DD200E285DBB15009A44DB /* Message.swift in Sources */ = {isa = PBXBuildFile; fileRef = 82DD200D285DBB15009A44DB /* Message.swift */; };
		82DD2013285DBC4C009A44DB /* Person.swift in Sources */ = {isa = PBXBuildFile; fileRef = 82DD2012285DBC4C009A44DB /* Person.swift */; };
		82DD2015285DBD23009A44DB /* MessagePreview.swift in Sources */ = {isa = PBXBuildFile; fileRef = 82DD2014285DBD23009A44DB /* MessagePreview.swift */; };
		82DD2017285DBE0C009A44DB /* MessageView.swift in Sources */ = {isa = PBXBuildFile; fileRef = 82DD2016285DBE0C009A44DB /* MessageView.swift */; };
		82DD2098285DEB19009A44DB /* ChatManeger.swift in Sources */ = {isa = PBXBuildFile; fileRef = 82DD2097285DEB19009A44DB /* ChatManeger.swift */; };
		82DD209A285DEB3D009A44DB /* ChatView.swift in Sources */ = {isa = PBXBuildFile; fileRef = 82DD2099285DEB3D009A44DB /* ChatView.swift */; };
		82DD209C285DEB76009A44DB /* ChatViewHeader.swift in Sources */ = {isa = PBXBuildFile; fileRef = 82DD209B285DEB76009A44DB /* ChatViewHeader.swift */; };
/* End PBXBuildFile section */

/* Begin PBXFileReference section */
		82B03A24285EA5F600F00CF1 /* MessageListView.swift */ = {isa = PBXFileReference; lastKnownFileType = sourcecode.swift; path = MessageListView.swift; sourceTree = "<group>"; };
		82B03A26285EA68700F00CF1 /* MessageListVM.swift */ = {isa = PBXFileReference; lastKnownFileType = sourcecode.swift; path = MessageListVM.swift; sourceTree = "<group>"; };
		82B03A28285EC26800F00CF1 /* MessageRowView.swift */ = {isa = PBXFileReference; lastKnownFileType = sourcecode.swift; path = MessageRowView.swift; sourceTree = "<group>"; };
		82B03A2A285F281B00F00CF1 /* UserManager.swift */ = {isa = PBXFileReference; lastKnownFileType = sourcecode.swift; path = UserManager.swift; sourceTree = "<group>"; };
		82B03A2C285F288600F00CF1 /* User.swift */ = {isa = PBXFileReference; lastKnownFileType = sourcecode.swift; path = User.swift; sourceTree = "<group>"; };
		82B03A31285F2B8500F00CF1 /* LikesView.swift */ = {isa = PBXFileReference; lastKnownFileType = sourcecode.swift; path = LikesView.swift; sourceTree = "<group>"; };
		82B03A33285F343600F00CF1 /* PersonSquare.swift */ = {isa = PBXFileReference; lastKnownFileType = sourcecode.swift; path = PersonSquare.swift; sourceTree = "<group>"; };
		82B03A35285F606400F00CF1 /* TopPicksView.swift */ = {isa = PBXFileReference; lastKnownFileType = sourcecode.swift; path = TopPicksView.swift; sourceTree = "<group>"; };
		82B03A37285F634300F00CF1 /* MatchesView.swift */ = {isa = PBXFileReference; lastKnownFileType = sourcecode.swift; path = MatchesView.swift; sourceTree = "<group>"; };
		82B03A392860892500F00CF1 /* PurchasePopup.swift */ = {isa = PBXFileReference; lastKnownFileType = sourcecode.swift; path = PurchasePopup.swift; sourceTree = "<group>"; };
		82B03A3C28609CE400F00CF1 /* PurchaseSwipePromo.swift */ = {isa = PBXFileReference; lastKnownFileType = sourcecode.swift; path = PurchaseSwipePromo.swift; sourceTree = "<group>"; };
		82B03A3F2860A06600F00CF1 /* PurchaseOptionView.swift */ = {isa = PBXFileReference; lastKnownFileType = sourcecode.swift; path = PurchaseOptionView.swift; sourceTree = "<group>"; };
		82B03A422860A0D100F00CF1 /* Subscription.swift */ = {isa = PBXFileReference; lastKnownFileType = sourcecode.swift; path = Subscription.swift; sourceTree = "<group>"; };
		82B03A442860AF6D00F00CF1 /* RoundedCorner.swift */ = {isa = PBXFileReference; lastKnownFileType = sourcecode.swift; path = RoundedCorner.swift; sourceTree = "<group>"; };
		82B03A472860DDAC00F00CF1 /* CardImageScroller.swift */ = {isa = PBXFileReference; lastKnownFileType = sourcecode.swift; path = CardImageScroller.swift; sourceTree = "<group>"; };
		82B03A4B2860F3C300F00CF1 /* CardView.swift */ = {isa = PBXFileReference; lastKnownFileType = sourcecode.swift; path = CardView.swift; sourceTree = "<group>"; };
		82DD1FE4285CC588009A44DB /* BuildTinderApp.app */ = {isa = PBXFileReference; explicitFileType = wrapper.application; includeInIndex = 0; path = BuildTinderApp.app; sourceTree = BUILT_PRODUCTS_DIR; };
		82DD1FE7285CC588009A44DB /* BuildTinderAppApp.swift */ = {isa = PBXFileReference; lastKnownFileType = sourcecode.swift; path = BuildTinderAppApp.swift; sourceTree = "<group>"; };
		82DD1FE9285CC588009A44DB /* ContentView.swift */ = {isa = PBXFileReference; lastKnownFileType = sourcecode.swift; path = ContentView.swift; sourceTree = "<group>"; };
		82DD1FEB285CC589009A44DB /* Assets.xcassets */ = {isa = PBXFileReference; lastKnownFileType = folder.assetcatalog; path = Assets.xcassets; sourceTree = "<group>"; };
		82DD1FEE285CC589009A44DB /* Preview Assets.xcassets */ = {isa = PBXFileReference; lastKnownFileType = folder.assetcatalog; path = "Preview Assets.xcassets"; sourceTree = "<group>"; };
		82DD1FF9285CC776009A44DB /* MainView.swift */ = {isa = PBXFileReference; lastKnownFileType = sourcecode.swift; path = MainView.swift; sourceTree = "<group>"; };
		82DD1FFB285CD07C009A44DB /* TabBarButtonView.swift */ = {isa = PBXFileReference; lastKnownFileType = sourcecode.swift; path = TabBarButtonView.swift; sourceTree = "<group>"; };
		82DD1FFD285D5168009A44DB /* AppStateManager.swift */ = {isa = PBXFileReference; lastKnownFileType = sourcecode.swift; path = AppStateManager.swift; sourceTree = "<group>"; };
		82DD1FFF285D5889009A44DB /* Extensions.swift */ = {isa = PBXFileReference; lastKnownFileType = sourcecode.swift; path = Extensions.swift; sourceTree = "<group>"; };
		82DD2002285D7D09009A44DB /* ProfileView.swift */ = {isa = PBXFileReference; lastKnownFileType = sourcecode.swift; path = ProfileView.swift; sourceTree = "<group>"; };
		82DD2005285D8035009A44DB /* RoundedImage.swift */ = {isa = PBXFileReference; lastKnownFileType = sourcecode.swift; path = RoundedImage.swift; sourceTree = "<group>"; };
		82DD200B285D9BD3009A44DB /* PrifileSwipePromo.swift */ = {isa = PBXFileReference; lastKnownFileType = sourcecode.swift; name = PrifileSwipePromo.swift; path = BuildTinderApp/PrifileSwipePromo.swift; sourceTree = SOURCE_ROOT; };
		82DD200D285DBB15009A44DB /* Message.swift */ = {isa = PBXFileReference; lastKnownFileType = sourcecode.swift; path = Message.swift; sourceTree = "<group>"; };
		82DD2012285DBC4C009A44DB /* Person.swift */ = {isa = PBXFileReference; lastKnownFileType = sourcecode.swift; name = Person.swift; path = BuildTinderApp/Person.swift; sourceTree = SOURCE_ROOT; };
		82DD2014285DBD23009A44DB /* MessagePreview.swift */ = {isa = PBXFileReference; lastKnownFileType = sourcecode.swift; name = MessagePreview.swift; path = BuildTinderApp/MessagePreview.swift; sourceTree = SOURCE_ROOT; };
		82DD2016285DBE0C009A44DB /* MessageView.swift */ = {isa = PBXFileReference; lastKnownFileType = sourcecode.swift; path = MessageView.swift; sourceTree = "<group>"; };
		82DD2097285DEB19009A44DB /* ChatManeger.swift */ = {isa = PBXFileReference; lastKnownFileType = sourcecode.swift; path = ChatManeger.swift; sourceTree = "<group>"; };
		82DD2099285DEB3D009A44DB /* ChatView.swift */ = {isa = PBXFileReference; lastKnownFileType = sourcecode.swift; path = ChatView.swift; sourceTree = "<group>"; };
		82DD209B285DEB76009A44DB /* ChatViewHeader.swift */ = {isa = PBXFileReference; lastKnownFileType = sourcecode.swift; path = ChatViewHeader.swift; sourceTree = "<group>"; };
/* End PBXFileReference section */

/* Begin PBXFrameworksBuildPhase section */
		82DD1FE1285CC588009A44DB /* Frameworks */ = {
			isa = PBXFrameworksBuildPhase;
			buildActionMask = 2147483647;
			files = (
				82DD2009285D8162009A44DB /* KingfisherSwiftUI in Frameworks */,
			);
			runOnlyForDeploymentPostprocessing = 0;
		};
/* End PBXFrameworksBuildPhase section */

/* Begin PBXGroup section */
		82B03A30285F2AC800F00CF1 /* MatchesView */ = {
			isa = PBXGroup;
			children = (
				82B03A31285F2B8500F00CF1 /* LikesView.swift */,
				82B03A33285F343600F00CF1 /* PersonSquare.swift */,
				82B03A35285F606400F00CF1 /* TopPicksView.swift */,
				82B03A37285F634300F00CF1 /* MatchesView.swift */,
			);
			path = MatchesView;
			sourceTree = "<group>";
		};
		82B03A3B2860893900F00CF1 /* Popups */ = {
			isa = PBXGroup;
			children = (
				82B03A3E28609CF500F00CF1 /* Purchase */,
			);
			path = Popups;
			sourceTree = "<group>";
		};
		82B03A3E28609CF500F00CF1 /* Purchase */ = {
			isa = PBXGroup;
			children = (
				82B03A392860892500F00CF1 /* PurchasePopup.swift */,
				82B03A3C28609CE400F00CF1 /* PurchaseSwipePromo.swift */,
				82B03A3F2860A06600F00CF1 /* PurchaseOptionView.swift */,
			);
			path = Purchase;
			sourceTree = "<group>";
		};
		82B03A462860AF7400F00CF1 /* Extensions */ = {
			isa = PBXGroup;
			children = (
				82DD1FFF285D5889009A44DB /* Extensions.swift */,
				82B03A442860AF6D00F00CF1 /* RoundedCorner.swift */,
			);
			path = Extensions;
			sourceTree = "<group>";
		};
		82B03A492860DDB200F00CF1 /* CardViews */ = {
			isa = PBXGroup;
			children = (
				82B03A472860DDAC00F00CF1 /* CardImageScroller.swift */,
				82B03A4B2860F3C300F00CF1 /* CardView.swift */,
			);
			path = CardViews;
			sourceTree = "<group>";
		};
		82B03A4A2860DDCA00F00CF1 /* Home */ = {
			isa = PBXGroup;
			children = (
				82B03A492860DDB200F00CF1 /* CardViews */,
			);
			path = Home;
			sourceTree = "<group>";
		};
		82DD1FDB285CC588009A44DB = {
			isa = PBXGroup;
			children = (
				82DD1FE6285CC588009A44DB /* BuildTinderApp */,
				82DD1FE5285CC588009A44DB /* Products */,
			);
			sourceTree = "<group>";
		};
		82DD1FE5285CC588009A44DB /* Products */ = {
			isa = PBXGroup;
			children = (
				82DD1FE4285CC588009A44DB /* BuildTinderApp.app */,
			);
			name = Products;
			sourceTree = "<group>";
		};
		82DD1FE6285CC588009A44DB /* BuildTinderApp */ = {
			isa = PBXGroup;
			children = (
				82DD1FE7285CC588009A44DB /* BuildTinderAppApp.swift */,
				82DD1FFD285D5168009A44DB /* AppStateManager.swift */,
				82B03A2A285F281B00F00CF1 /* UserManager.swift */,
				82DD1FE9285CC588009A44DB /* ContentView.swift */,
				82DD2001285D6D81009A44DB /* MainTabBar */,
				82B03A4A2860DDCA00F00CF1 /* Home */,
				82DD2004285D7D3C009A44DB /* Profile */,
				82DD2018285DBE1F009A44DB /* Messages */,
				82B03A30285F2AC800F00CF1 /* MatchesView */,
				82DD200F285DBB23009A44DB /* Model */,
				82B03A3B2860893900F00CF1 /* Popups */,
				82DD200A285D8625009A44DB /* HelperView */,
				82B03A462860AF7400F00CF1 /* Extensions */,
				82DD1FED285CC589009A44DB /* Preview Content */,
			);
			path = BuildTinderApp;
			sourceTree = "<group>";
		};
		82DD1FED285CC589009A44DB /* Preview Content */ = {
			isa = PBXGroup;
			children = (
				82DD1FEE285CC589009A44DB /* Preview Assets.xcassets */,
			);
			path = "Preview Content";
			sourceTree = "<group>";
		};
		82DD2001285D6D81009A44DB /* MainTabBar */ = {
			isa = PBXGroup;
			children = (
				82DD1FF9285CC776009A44DB /* MainView.swift */,
				82DD1FFB285CD07C009A44DB /* TabBarButtonView.swift */,
			);
			path = MainTabBar;
			sourceTree = "<group>";
		};
		82DD2004285D7D3C009A44DB /* Profile */ = {
			isa = PBXGroup;
			children = (
				82DD200B285D9BD3009A44DB /* PrifileSwipePromo.swift */,
				82DD2002285D7D09009A44DB /* ProfileView.swift */,
			);
			path = Profile;
			sourceTree = "<group>";
		};
		82DD200A285D8625009A44DB /* HelperView */ = {
			isa = PBXGroup;
			children = (
				82DD1FEB285CC589009A44DB /* Assets.xcassets */,
				82DD2005285D8035009A44DB /* RoundedImage.swift */,
			);
			path = HelperView;
			sourceTree = "<group>";
		};
		82DD200F285DBB23009A44DB /* Model */ = {
			isa = PBXGroup;
			children = (
				82DD2014285DBD23009A44DB /* MessagePreview.swift */,
				82DD2012285DBC4C009A44DB /* Person.swift */,
				82DD200D285DBB15009A44DB /* Message.swift */,
				82B03A2C285F288600F00CF1 /* User.swift */,
				82B03A422860A0D100F00CF1 /* Subscription.swift */,
			);
			path = Model;
			sourceTree = "<group>";
		};
		82DD2018285DBE1F009A44DB /* Messages */ = {
			isa = PBXGroup;
			children = (
				82DD2016285DBE0C009A44DB /* MessageView.swift */,
				82DD2097285DEB19009A44DB /* ChatManeger.swift */,
				82DD2099285DEB3D009A44DB /* ChatView.swift */,
				82DD209B285DEB76009A44DB /* ChatViewHeader.swift */,
				82B03A24285EA5F600F00CF1 /* MessageListView.swift */,
				82B03A26285EA68700F00CF1 /* MessageListVM.swift */,
				82B03A28285EC26800F00CF1 /* MessageRowView.swift */,
			);
			path = Messages;
			sourceTree = "<group>";
		};
/* End PBXGroup section */

/* Begin PBXNativeTarget section */
		82DD1FE3285CC588009A44DB /* BuildTinderApp */ = {
			isa = PBXNativeTarget;
			buildConfigurationList = 82DD1FF2285CC589009A44DB /* Build configuration list for PBXNativeTarget "BuildTinderApp" */;
			buildPhases = (
				82DD1FE0285CC588009A44DB /* Sources */,
				82DD1FE1285CC588009A44DB /* Frameworks */,
				82DD1FE2285CC588009A44DB /* Resources */,
			);
			buildRules = (
			);
			dependencies = (
			);
			name = BuildTinderApp;
			packageProductDependencies = (
				82DD2008285D8162009A44DB /* KingfisherSwiftUI */,
			);
			productName = BuildTinderApp;
			productReference = 82DD1FE4285CC588009A44DB /* BuildTinderApp.app */;
			productType = "com.apple.product-type.application";
		};
/* End PBXNativeTarget section */

/* Begin PBXProject section */
		82DD1FDC285CC588009A44DB /* Project object */ = {
			isa = PBXProject;
			attributes = {
				BuildIndependentTargetsInParallel = 1;
				LastSwiftUpdateCheck = 1340;
				LastUpgradeCheck = 1340;
				TargetAttributes = {
					82DD1FE3285CC588009A44DB = {
						CreatedOnToolsVersion = 13.4.1;
					};
				};
			};
			buildConfigurationList = 82DD1FDF285CC588009A44DB /* Build configuration list for PBXProject "BuildTinderApp" */;
			compatibilityVersion = "Xcode 13.0";
			developmentRegion = en;
			hasScannedForEncodings = 0;
			knownRegions = (
				en,
				Base,
			);
			mainGroup = 82DD1FDB285CC588009A44DB;
			packageReferences = (
				82DD2007285D8162009A44DB /* XCRemoteSwiftPackageReference "Kingfisher" */,
			);
			productRefGroup = 82DD1FE5285CC588009A44DB /* Products */;
			projectDirPath = "";
			projectRoot = "";
			targets = (
				82DD1FE3285CC588009A44DB /* BuildTinderApp */,
			);
		};
/* End PBXProject section */

/* Begin PBXResourcesBuildPhase section */
		82DD1FE2285CC588009A44DB /* Resources */ = {
			isa = PBXResourcesBuildPhase;
			buildActionMask = 2147483647;
			files = (
				82DD1FEF285CC589009A44DB /* Preview Assets.xcassets in Resources */,
				82DD1FEC285CC589009A44DB /* Assets.xcassets in Resources */,
			);
			runOnlyForDeploymentPostprocessing = 0;
		};
/* End PBXResourcesBuildPhase section */

/* Begin PBXSourcesBuildPhase section */
		82DD1FE0285CC588009A44DB /* Sources */ = {
			isa = PBXSourcesBuildPhase;
			buildActionMask = 2147483647;
			files = (
				82DD1FFC285CD07C009A44DB /* TabBarButtonView.swift in Sources */,
				82B03A25285EA5F600F00CF1 /* MessageListView.swift in Sources */,
				82DD2006285D8035009A44DB /* RoundedImage.swift in Sources */,
				82B03A34285F343600F00CF1 /* PersonSquare.swift in Sources */,
				82DD2000285D5889009A44DB /* Extensions.swift in Sources */,
				82B03A3A2860892500F00CF1 /* PurchasePopup.swift in Sources */,
				82DD209C285DEB76009A44DB /* ChatViewHeader.swift in Sources */,
				82B03A38285F634300F00CF1 /* MatchesView.swift in Sources */,
				82B03A29285EC26800F00CF1 /* MessageRowView.swift in Sources */,
				82DD1FEA285CC588009A44DB /* ContentView.swift in Sources */,
				82B03A27285EA68700F00CF1 /* MessageListVM.swift in Sources */,
				82DD2013285DBC4C009A44DB /* Person.swift in Sources */,
				82B03A452860AF6D00F00CF1 /* RoundedCorner.swift in Sources */,
				82B03A432860A0D100F00CF1 /* Subscription.swift in Sources */,
				82DD2017285DBE0C009A44DB /* MessageView.swift in Sources */,
				82DD1FFA285CC776009A44DB /* MainView.swift in Sources */,
				82DD209A285DEB3D009A44DB /* ChatView.swift in Sources */,
				82DD2098285DEB19009A44DB /* ChatManeger.swift in Sources */,
				82DD1FE8285CC588009A44DB /* BuildTinderAppApp.swift in Sources */,
				82DD2003285D7D09009A44DB /* ProfileView.swift in Sources */,
				82B03A482860DDAC00F00CF1 /* CardImageScroller.swift in Sources */,
				82B03A402860A06600F00CF1 /* PurchaseOptionView.swift in Sources */,
				82DD200E285DBB15009A44DB /* Message.swift in Sources */,
				82B03A3D28609CE400F00CF1 /* PurchaseSwipePromo.swift in Sources */,
				82DD1FFE285D5168009A44DB /* AppStateManager.swift in Sources */,
				82B03A32285F2B8500F00CF1 /* LikesView.swift in Sources */,
				82DD200C285D9BD3009A44DB /* PrifileSwipePromo.swift in Sources */,
				82B03A2B285F281B00F00CF1 /* UserManager.swift in Sources */,
				82B03A36285F606400F00CF1 /* TopPicksView.swift in Sources */,
				82DD2015285DBD23009A44DB /* MessagePreview.swift in Sources */,
				82B03A4C2860F3C300F00CF1 /* CardView.swift in Sources */,
				82B03A2D285F288700F00CF1 /* User.swift in Sources */,
			);
			runOnlyForDeploymentPostprocessing = 0;
		};
/* End PBXSourcesBuildPhase section */

/* Begin XCBuildConfiguration section */
		82DD1FF0285CC589009A44DB /* Debug */ = {
			isa = XCBuildConfiguration;
			buildSettings = {
				ALWAYS_SEARCH_USER_PATHS = NO;
				CLANG_ANALYZER_NONNULL = YES;
				CLANG_ANALYZER_NUMBER_OBJECT_CONVERSION = YES_AGGRESSIVE;
				CLANG_CXX_LANGUAGE_STANDARD = "gnu++17";
				CLANG_ENABLE_MODULES = YES;
				CLANG_ENABLE_OBJC_ARC = YES;
				CLANG_ENABLE_OBJC_WEAK = YES;
				CLANG_WARN_BLOCK_CAPTURE_AUTORELEASING = YES;
				CLANG_WARN_BOOL_CONVERSION = YES;
				CLANG_WARN_COMMA = YES;
				CLANG_WARN_CONSTANT_CONVERSION = YES;
				CLANG_WARN_DEPRECATED_OBJC_IMPLEMENTATIONS = YES;
				CLANG_WARN_DIRECT_OBJC_ISA_USAGE = YES_ERROR;
				CLANG_WARN_DOCUMENTATION_COMMENTS = YES;
				CLANG_WARN_EMPTY_BODY = YES;
				CLANG_WARN_ENUM_CONVERSION = YES;
				CLANG_WARN_INFINITE_RECURSION = YES;
				CLANG_WARN_INT_CONVERSION = YES;
				CLANG_WARN_NON_LITERAL_NULL_CONVERSION = YES;
				CLANG_WARN_OBJC_IMPLICIT_RETAIN_SELF = YES;
				CLANG_WARN_OBJC_LITERAL_CONVERSION = YES;
				CLANG_WARN_OBJC_ROOT_CLASS = YES_ERROR;
				CLANG_WARN_QUOTED_INCLUDE_IN_FRAMEWORK_HEADER = YES;
				CLANG_WARN_RANGE_LOOP_ANALYSIS = YES;
				CLANG_WARN_STRICT_PROTOTYPES = YES;
				CLANG_WARN_SUSPICIOUS_MOVE = YES;
				CLANG_WARN_UNGUARDED_AVAILABILITY = YES_AGGRESSIVE;
				CLANG_WARN_UNREACHABLE_CODE = YES;
				CLANG_WARN__DUPLICATE_METHOD_MATCH = YES;
				COPY_PHASE_STRIP = NO;
				DEBUG_INFORMATION_FORMAT = dwarf;
				ENABLE_STRICT_OBJC_MSGSEND = YES;
				ENABLE_TESTABILITY = YES;
				GCC_C_LANGUAGE_STANDARD = gnu11;
				GCC_DYNAMIC_NO_PIC = NO;
				GCC_NO_COMMON_BLOCKS = YES;
				GCC_OPTIMIZATION_LEVEL = 0;
				GCC_PREPROCESSOR_DEFINITIONS = (
					"DEBUG=1",
					"$(inherited)",
				);
				GCC_WARN_64_TO_32_BIT_CONVERSION = YES;
				GCC_WARN_ABOUT_RETURN_TYPE = YES_ERROR;
				GCC_WARN_UNDECLARED_SELECTOR = YES;
				GCC_WARN_UNINITIALIZED_AUTOS = YES_AGGRESSIVE;
				GCC_WARN_UNUSED_FUNCTION = YES;
				GCC_WARN_UNUSED_VARIABLE = YES;
				IPHONEOS_DEPLOYMENT_TARGET = 15.5;
				MTL_ENABLE_DEBUG_INFO = INCLUDE_SOURCE;
				MTL_FAST_MATH = YES;
				ONLY_ACTIVE_ARCH = YES;
				SDKROOT = iphoneos;
				SWIFT_ACTIVE_COMPILATION_CONDITIONS = DEBUG;
				SWIFT_OPTIMIZATION_LEVEL = "-Onone";
			};
			name = Debug;
		};
		82DD1FF1285CC589009A44DB /* Release */ = {
			isa = XCBuildConfiguration;
			buildSettings = {
				ALWAYS_SEARCH_USER_PATHS = NO;
				CLANG_ANALYZER_NONNULL = YES;
				CLANG_ANALYZER_NUMBER_OBJECT_CONVERSION = YES_AGGRESSIVE;
				CLANG_CXX_LANGUAGE_STANDARD = "gnu++17";
				CLANG_ENABLE_MODULES = YES;
				CLANG_ENABLE_OBJC_ARC = YES;
				CLANG_ENABLE_OBJC_WEAK = YES;
				CLANG_WARN_BLOCK_CAPTURE_AUTORELEASING = YES;
				CLANG_WARN_BOOL_CONVERSION = YES;
				CLANG_WARN_COMMA = YES;
				CLANG_WARN_CONSTANT_CONVERSION = YES;
				CLANG_WARN_DEPRECATED_OBJC_IMPLEMENTATIONS = YES;
				CLANG_WARN_DIRECT_OBJC_ISA_USAGE = YES_ERROR;
				CLANG_WARN_DOCUMENTATION_COMMENTS = YES;
				CLANG_WARN_EMPTY_BODY = YES;
				CLANG_WARN_ENUM_CONVERSION = YES;
				CLANG_WARN_INFINITE_RECURSION = YES;
				CLANG_WARN_INT_CONVERSION = YES;
				CLANG_WARN_NON_LITERAL_NULL_CONVERSION = YES;
				CLANG_WARN_OBJC_IMPLICIT_RETAIN_SELF = YES;
				CLANG_WARN_OBJC_LITERAL_CONVERSION = YES;
				CLANG_WARN_OBJC_ROOT_CLASS = YES_ERROR;
				CLANG_WARN_QUOTED_INCLUDE_IN_FRAMEWORK_HEADER = YES;
				CLANG_WARN_RANGE_LOOP_ANALYSIS = YES;
				CLANG_WARN_STRICT_PROTOTYPES = YES;
				CLANG_WARN_SUSPICIOUS_MOVE = YES;
				CLANG_WARN_UNGUARDED_AVAILABILITY = YES_AGGRESSIVE;
				CLANG_WARN_UNREACHABLE_CODE = YES;
				CLANG_WARN__DUPLICATE_METHOD_MATCH = YES;
				COPY_PHASE_STRIP = NO;
				DEBUG_INFORMATION_FORMAT = "dwarf-with-dsym";
				ENABLE_NS_ASSERTIONS = NO;
				ENABLE_STRICT_OBJC_MSGSEND = YES;
				GCC_C_LANGUAGE_STANDARD = gnu11;
				GCC_NO_COMMON_BLOCKS = YES;
				GCC_WARN_64_TO_32_BIT_CONVERSION = YES;
				GCC_WARN_ABOUT_RETURN_TYPE = YES_ERROR;
				GCC_WARN_UNDECLARED_SELECTOR = YES;
				GCC_WARN_UNINITIALIZED_AUTOS = YES_AGGRESSIVE;
				GCC_WARN_UNUSED_FUNCTION = YES;
				GCC_WARN_UNUSED_VARIABLE = YES;
				IPHONEOS_DEPLOYMENT_TARGET = 15.5;
				MTL_ENABLE_DEBUG_INFO = NO;
				MTL_FAST_MATH = YES;
				SDKROOT = iphoneos;
				SWIFT_COMPILATION_MODE = wholemodule;
				SWIFT_OPTIMIZATION_LEVEL = "-O";
				VALIDATE_PRODUCT = YES;
			};
			name = Release;
		};
		82DD1FF3285CC589009A44DB /* Debug */ = {
			isa = XCBuildConfiguration;
			buildSettings = {
				ASSETCATALOG_COMPILER_APPICON_NAME = AppIcon;
				ASSETCATALOG_COMPILER_GLOBAL_ACCENT_COLOR_NAME = AccentColor;
				CODE_SIGN_STYLE = Automatic;
				CURRENT_PROJECT_VERSION = 1;
				DEVELOPMENT_ASSET_PATHS = "\"BuildTinderApp/Preview Content\"";
				DEVELOPMENT_TEAM = GQZ24SVQ96;
				ENABLE_PREVIEWS = YES;
				GENERATE_INFOPLIST_FILE = YES;
				INFOPLIST_KEY_UIApplicationSceneManifest_Generation = YES;
				INFOPLIST_KEY_UIApplicationSupportsIndirectInputEvents = YES;
				INFOPLIST_KEY_UILaunchScreen_Generation = YES;
				INFOPLIST_KEY_UISupportedInterfaceOrientations_iPad = "UIInterfaceOrientationPortrait UIInterfaceOrientationPortraitUpsideDown UIInterfaceOrientationLandscapeLeft UIInterfaceOrientationLandscapeRight";
				INFOPLIST_KEY_UISupportedInterfaceOrientations_iPhone = "UIInterfaceOrientationPortrait UIInterfaceOrientationLandscapeLeft UIInterfaceOrientationLandscapeRight";
				LD_RUNPATH_SEARCH_PATHS = (
					"$(inherited)",
					"@executable_path/Frameworks",
				);
				MARKETING_VERSION = 1.0;
				PRODUCT_BUNDLE_IDENTIFIER = com.kazuhiroowada.BuildTinderApp;
				PRODUCT_NAME = "$(TARGET_NAME)";
				SWIFT_EMIT_LOC_STRINGS = YES;
				SWIFT_VERSION = 5.0;
				TARGETED_DEVICE_FAMILY = "1,2";
			};
			name = Debug;
		};
		82DD1FF4285CC589009A44DB /* Release */ = {
			isa = XCBuildConfiguration;
			buildSettings = {
				ASSETCATALOG_COMPILER_APPICON_NAME = AppIcon;
				ASSETCATALOG_COMPILER_GLOBAL_ACCENT_COLOR_NAME = AccentColor;
				CODE_SIGN_STYLE = Automatic;
				CURRENT_PROJECT_VERSION = 1;
				DEVELOPMENT_ASSET_PATHS = "\"BuildTinderApp/Preview Content\"";
				DEVELOPMENT_TEAM = GQZ24SVQ96;
				ENABLE_PREVIEWS = YES;
				GENERATE_INFOPLIST_FILE = YES;
				INFOPLIST_KEY_UIApplicationSceneManifest_Generation = YES;
				INFOPLIST_KEY_UIApplicationSupportsIndirectInputEvents = YES;
				INFOPLIST_KEY_UILaunchScreen_Generation = YES;
				INFOPLIST_KEY_UISupportedInterfaceOrientations_iPad = "UIInterfaceOrientationPortrait UIInterfaceOrientationPortraitUpsideDown UIInterfaceOrientationLandscapeLeft UIInterfaceOrientationLandscapeRight";
				INFOPLIST_KEY_UISupportedInterfaceOrientations_iPhone = "UIInterfaceOrientationPortrait UIInterfaceOrientationLandscapeLeft UIInterfaceOrientationLandscapeRight";
				LD_RUNPATH_SEARCH_PATHS = (
					"$(inherited)",
					"@executable_path/Frameworks",
				);
				MARKETING_VERSION = 1.0;
				PRODUCT_BUNDLE_IDENTIFIER = com.kazuhiroowada.BuildTinderApp;
				PRODUCT_NAME = "$(TARGET_NAME)";
				SWIFT_EMIT_LOC_STRINGS = YES;
				SWIFT_VERSION = 5.0;
				TARGETED_DEVICE_FAMILY = "1,2";
			};
			name = Release;
		};
/* End XCBuildConfiguration section */

/* Begin XCConfigurationList section */
		82DD1FDF285CC588009A44DB /* Build configuration list for PBXProject "BuildTinderApp" */ = {
			isa = XCConfigurationList;
			buildConfigurations = (
				82DD1FF0285CC589009A44DB /* Debug */,
				82DD1FF1285CC589009A44DB /* Release */,
			);
			defaultConfigurationIsVisible = 0;
			defaultConfigurationName = Release;
		};
		82DD1FF2285CC589009A44DB /* Build configuration list for PBXNativeTarget "BuildTinderApp" */ = {
			isa = XCConfigurationList;
			buildConfigurations = (
				82DD1FF3285CC589009A44DB /* Debug */,
				82DD1FF4285CC589009A44DB /* Release */,
			);
			defaultConfigurationIsVisible = 0;
			defaultConfigurationName = Release;
		};
/* End XCConfigurationList section */

/* Begin XCRemoteSwiftPackageReference section */
		82DD2007285D8162009A44DB /* XCRemoteSwiftPackageReference "Kingfisher" */ = {
			isa = XCRemoteSwiftPackageReference;
			repositoryURL = "https://github.com/onevcat/Kingfisher";
			requirement = {
				kind = exactVersion;
				version = 5.15.7;
			};
		};
/* End XCRemoteSwiftPackageReference section */

/* Begin XCSwiftPackageProductDependency section */
		82DD2008285D8162009A44DB /* KingfisherSwiftUI */ = {
			isa = XCSwiftPackageProductDependency;
			package = 82DD2007285D8162009A44DB /* XCRemoteSwiftPackageReference "Kingfisher" */;
			productName = KingfisherSwiftUI;
		};
/* End XCSwiftPackageProductDependency section */
	};
	rootObject = 82DD1FDC285CC588009A44DB /* Project object */;
}
